
Microsoft Visual Studio Solution File, Format Version 12.00
# Visual Studio Version 17
VisualStudioVersion = 17.13.35825.156 d17.13
MinimumVisualStudioVersion = 10.0.40219.1
Project("{FAE04EC0-301F-11D3-BF4B-00C04F79EFBC}") = "WebAPISecondLook", "WebAPISecondLook\WebAPISecondLook.csproj", "{A0DBBB24-736F-4BB3-9842-E2F9241036C3}"
EndProject
Global
	GlobalSection(SolutionConfigurationPlatforms) = preSolution
		Debug|Any CPU = Debug|Any CPU
		Release|Any CPU = Release|Any CPU
	EndGlobalSection
	GlobalSection(ProjectConfigurationPlatforms) = postSolution
		{A0DBBB24-736F-4BB3-9842-E2F9241036C3}.Debug|Any CPU.ActiveCfg = Debug|Any CPU
		{A0DBBB24-736F-4BB3-9842-E2F9241036C3}.Debug|Any CPU.Build.0 = Debug|Any CPU
		{A0DBBB24-736F-4BB3-9842-E2F9241036C3}.Release|Any CPU.ActiveCfg = Release|Any CPU
		{A0DBBB24-736F-4BB3-9842-E2F9241036C3}.Release|Any CPU.Build.0 = Release|Any CPU
	EndGlobalSection
	GlobalSection(SolutionProperties) = preSolution
		HideSolutionNode = FALSE
	EndGlobalSection
	GlobalSection(ExtensibilityGlobals) = postSolution
		SolutionGuid = {F2A98745-3353-4A6D-9006-28A8368D9FA7}
	EndGlobalSection
EndGlobal
